<Solution>
  <Folder Name="/src/">
    <Project Path="src/IntegrationsService.Api/IntegrationsService.Api.csproj" />
    <Project Path="src/IntegrationsService.Application/IntegrationsService.Application.csproj" />
    <Project Path="src/IntegrationsService.Domain/IntegrationsService.Domain.csproj" />
    <Project Path="src/IntegrationsService.Providers/IntegrationsService.Providers.csproj" />
  </Folder>
  <Folder Name="/tests/">
    <Project Path="tests/IntegrationsService.Tests/IntegrationsService.Tests.csproj" />
  </Folder>
</Solution>
