<Solution>
  <Folder Name="/shared/">
    <Project Path="Shared/WebsiteProfiling.Shared/WebsiteProfiling.Shared.csproj" />
    <Project Path="Shared/WebsiteProfiling.Testing/WebsiteProfiling.Testing.csproj" />
    <Project Path="Shared/WebsiteProfiling.Shared.Tests/WebsiteProfiling.Shared.Tests.csproj" />
  </Folder>
  <Folder Name="/ai-service/">
    <Project Path="AiService/src/AiService.Api/AiService.Api.csproj" />
    <Project Path="AiService/tests/AiService.Tests/AiService.Tests.csproj" />
  </Folder>
  <Folder Name="/bff/">
    <Project Path="Bff/src/Bff.Api/Bff.Api.csproj" />
    <Project Path="Bff/tests/Bff.Tests/Bff.Tests.csproj" />
  </Folder>
  <Folder Name="/core-service/">
    <Project Path="CoreService/src/CoreService.Api/CoreService.Api.csproj" />
    <Project Path="CoreService/tests/CoreService.Tests/CoreService.Tests.csproj" />
  </Folder>
  <Folder Name="/schema/">
    <Project Path="Schema/src/Schema.Model/Schema.Model.csproj" />
    <Project Path="Schema/src/Schema.Migrator/Schema.Migrator.csproj" />
    <Project Path="Schema/tests/Schema.Tests/Schema.Tests.csproj" />
  </Folder>
</Solution>
