<Solution>
  <Folder Name="/shared/">
    <Project Path="Shared/WebsiteProfiling.Contracts/WebsiteProfiling.Contracts.csproj" />
    <Project Path="Shared/WebsiteProfiling.TypedConfig/WebsiteProfiling.TypedConfig.csproj" />
    <Project Path="Shared/WebsiteProfiling.Testing/WebsiteProfiling.Testing.csproj" />
  </Folder>
  <Folder Name="/ai-service/">
    <Project Path="AiService/src/AiService.Api/AiService.Api.csproj" />
    <Project Path="AiService/src/AiService.Application/AiService.Application.csproj" />
    <Project Path="AiService/src/AiService.Domain/AiService.Domain.csproj" />
    <Project Path="AiService/src/AiService.Mcp/AiService.Mcp.csproj" />
    <Project Path="AiService/src/AiService.Providers/AiService.Providers.csproj" />
    <Project Path="AiService/src/AiService.Tools/AiService.Tools.csproj" />
    <Project Path="AiService/tests/AiService.Tests/AiService.Tests.csproj" />
  </Folder>
  <Folder Name="/bff/">
    <Project Path="Bff/src/Bff.Api/Bff.Api.csproj" />
    <Project Path="Bff/src/Bff.Application/Bff.Application.csproj" />
    <Project Path="Bff/src/Bff.Domain/Bff.Domain.csproj" />
    <Project Path="Bff/tests/Bff.Tests/Bff.Tests.csproj" />
  </Folder>
  <Folder Name="/data/">
    <Project Path="Data/src/Data.Api/Data.Api.csproj" />
    <Project Path="Data/src/Data.Application/Data.Application.csproj" />
    <Project Path="Data/src/Data.Domain/Data.Domain.csproj" />
    <Project Path="Data/tests/Data.Tests/Data.Tests.csproj" />
  </Folder>
  <Folder Name="/file-service/">
    <Project Path="FileService/src/FileService.Api/FileService.Api.csproj" />
    <Project Path="FileService/src/FileService.Application/FileService.Application.csproj" />
    <Project Path="FileService/src/FileService.Domain/FileService.Domain.csproj" />
    <Project Path="FileService/src/FileService.Rendering/FileService.Rendering.csproj" />
    <Project Path="FileService/tests/FileService.Tests/FileService.Tests.csproj" />
  </Folder>
  <Folder Name="/integrations-service/">
    <Project Path="IntegrationsService/src/IntegrationsService.Api/IntegrationsService.Api.csproj" />
    <Project Path="IntegrationsService/src/IntegrationsService.Application/IntegrationsService.Application.csproj" />
    <Project Path="IntegrationsService/src/IntegrationsService.Domain/IntegrationsService.Domain.csproj" />
    <Project Path="IntegrationsService/src/IntegrationsService.Providers/IntegrationsService.Providers.csproj" />
    <Project Path="IntegrationsService/tests/IntegrationsService.Tests/IntegrationsService.Tests.csproj" />
  </Folder>
  <Folder Name="/report-service/">
    <Project Path="ReportService/src/ReportService.Api/ReportService.Api.csproj" />
    <Project Path="ReportService/src/ReportService.Application/ReportService.Application.csproj" />
    <Project Path="ReportService/src/ReportService.Domain/ReportService.Domain.csproj" />
    <Project Path="ReportService/tests/ReportService.Tests/ReportService.Tests.csproj" />
  </Folder>
  <Folder Name="/config-service/">
    <Project Path="ConfigService/src/ConfigService.Api/ConfigService.Api.csproj" />
    <Project Path="ConfigService/src/ConfigService.Application/ConfigService.Application.csproj" />
    <Project Path="ConfigService/tests/ConfigService.Tests/ConfigService.Tests.csproj" />
  </Folder>
</Solution>
