<Solution>
  <Folder Name="/src/">
    <Project Path="src/AiService.Api/AiService.Api.csproj" />
    <Project Path="src/AiService.Application/AiService.Application.csproj" />
    <Project Path="src/AiService.Domain/AiService.Domain.csproj" />
    <Project Path="src/AiService.Providers/AiService.Providers.csproj" />
    <Project Path="src/AiService.Tools/AiService.Tools.csproj" />
    <Project Path="src/AiService.Mcp/AiService.Mcp.csproj" />
  </Folder>
  <Folder Name="/tests/">
    <Project Path="tests/AiService.Tests/AiService.Tests.csproj" />
  </Folder>
</Solution>
