<Solution>
  <Folder Name="/src/">
    <Project Path="src/Data.Api/Data.Api.csproj" />
    <Project Path="src/Data.Application/Data.Application.csproj" />
    <Project Path="src/Data.Domain/Data.Domain.csproj" />
  </Folder>
  <Folder Name="/tests/">
    <Project Path="tests/Data.Tests/Data.Tests.csproj" />
  </Folder>
</Solution>
